
Microsoft Visual Studio Solution File, Format Version 12.00
# Visual Studio Version 17
VisualStudioVersion = 17.2.32616.157
MinimumVisualStudioVersion = 10.0.40219.1
Project("{FAE04EC0-301F-11D3-BF4B-00C04F79EFBC}") = "Faizi", "Faizi.csproj", "{C4CAAF18-327F-4739-B1F9-B57CC5B1CC67}"
EndProject
Global
	GlobalSection(SolutionConfigurationPlatforms) = preSolution
		Debug|Any CPU = Debug|Any CPU
		Release|Any CPU = Release|Any CPU
	EndGlobalSection
	GlobalSection(ProjectConfigurationPlatforms) = postSolution
		{C4CAAF18-327F-4739-B1F9-B57CC5B1CC67}.Debug|Any CPU.ActiveCfg = Debug|Any CPU
		{C4CAAF18-327F-4739-B1F9-B57CC5B1CC67}.Debug|Any CPU.Build.0 = Debug|Any CPU
		{C4CAAF18-327F-4739-B1F9-B57CC5B1CC67}.Release|Any CPU.ActiveCfg = Release|Any CPU
		{C4CAAF18-327F-4739-B1F9-B57CC5B1CC67}.Release|Any CPU.Build.0 = Release|Any CPU
	EndGlobalSection
	GlobalSection(SolutionProperties) = preSolution
		HideSolutionNode = FALSE
	EndGlobalSection
	GlobalSection(ExtensibilityGlobals) = postSolution
		SolutionGuid = {5C4E6E2C-277A-414D-B11E-642DE0D000A3}
	EndGlobalSection
EndGlobal
